# This file is automatically @generated by Cargo.
# It is not intended for manual editing.
version = 3

[[package]]
name = "advent_of_code_2023"
version = "0.1.0"
dependencies = [
 "relative-path",
]

[[package]]
name = "relative-path"
version = "1.9.0"
source = "registry+https://github.com/rust-lang/crates.io-index"
checksum = "c707298afce11da2efef2f600116fa93ffa7a032b5d7b628aa17711ec81383ca"
